
Microsoft Visual Studio Solution File, Format Version 12.00
# Visual Studio Version 17
VisualStudioVersion = 17.5.33502.453
MinimumVisualStudioVersion = 10.0.40219.1
Project("{9A19103F-16F7-4668-BE54-9A1E7A4F7556}") = "DBFilter", "DBFilter\DBFilter.csproj", "{33FB8F23-96D8-4ADD-A4AC-00E6000FC20E}"
EndProject
Project("{9A19103F-16F7-4668-BE54-9A1E7A4F7556}") = "LINQ for Entities", "C:\Users\sahib\Downloads\LINQ for Entities\LINQ for Entities\LINQ for Entities\LINQ for Entities.csproj", "{32684BF2-647E-4119-9736-E054A9C92403}"
EndProject
Global
	GlobalSection(SolutionConfigurationPlatforms) = preSolution
		Debug|Any CPU = Debug|Any CPU
		Release|Any CPU = Release|Any CPU
	EndGlobalSection
	GlobalSection(ProjectConfigurationPlatforms) = postSolution
		{33FB8F23-96D8-4ADD-A4AC-00E6000FC20E}.Debug|Any CPU.ActiveCfg = Debug|Any CPU
		{33FB8F23-96D8-4ADD-A4AC-00E6000FC20E}.Debug|Any CPU.Build.0 = Debug|Any CPU
		{33FB8F23-96D8-4ADD-A4AC-00E6000FC20E}.Release|Any CPU.ActiveCfg = Release|Any CPU
		{33FB8F23-96D8-4ADD-A4AC-00E6000FC20E}.Release|Any CPU.Build.0 = Release|Any CPU
		{32684BF2-647E-4119-9736-E054A9C92403}.Debug|Any CPU.ActiveCfg = Debug|Any CPU
		{32684BF2-647E-4119-9736-E054A9C92403}.Debug|Any CPU.Build.0 = Debug|Any CPU
		{32684BF2-647E-4119-9736-E054A9C92403}.Release|Any CPU.ActiveCfg = Release|Any CPU
		{32684BF2-647E-4119-9736-E054A9C92403}.Release|Any CPU.Build.0 = Release|Any CPU
	EndGlobalSection
	GlobalSection(SolutionProperties) = preSolution
		HideSolutionNode = FALSE
	EndGlobalSection
	GlobalSection(ExtensibilityGlobals) = postSolution
		SolutionGuid = {D6E04D96-8415-486C-ABF3-5423A24BE0F9}
	EndGlobalSection
EndGlobal
